{
  "name": "digitalocean",
  "version": "1.0.0",
  "lockfileVersion": 2,
  "requires": true,
  "packages": {
    "": {
      "name": "digitalocean",
      "version": "1.0.0",
      "hasInstallScript": true,
      "license": "ISC",
      "dependencies": {
        "digitaloceanapps": "github:webbardev/digitaloceanapps"
      }
    },
    "node_modules/digitaloceanapps": {
      "name": "@webbar/digitaloceanapps",
      "version": "1.0.1",
      "resolved": "git+ssh://git@github.com/webbardev/digitaloceanapps.git#09ce93c6448d65daaadc856ebf16e3c7d44701ab",
      "license": "MIT"
    }
  },
  "dependencies": {
    "digitaloceanapps": {
      "version": "git+ssh://git@github.com/webbardev/digitaloceanapps.git#09ce93c6448d65daaadc856ebf16e3c7d44701ab",
      "from": "digitaloceanapps@github:webbardev/digitaloceanapps"
    }
  }
}
